{
  "object": {
    "pins": [
      {
        "package": "FileCheck",
        "repositoryURL": "https://github.com/llvm-swift/FileCheck.git",
        "state": {
          "branch": "swift-develop",
          "revision": "38b60f755298fb5d857410b5530cedc9d9ca7db7",
          "version": null
        }
      },
      {
        "package": "SwiftCheck",
        "repositoryURL": "git@github.com:CodaFi/SwiftCheck.git",
        "state": {
          "branch": "fivel",
          "revision": "acd322289d72206a761825071d066a447d472692",
          "version": null
        }
      }
    ]
  },
  "version": 1
}
